
Microsoft Visual Studio Solution File, Format Version 12.00
# Visual Studio 15
VisualStudioVersion = 15.0.27130.2036
MinimumVisualStudioVersion = 10.0.40219.1
Project("{FAE04EC0-301F-11D3-BF4B-00C04F79EFBC}") = "QuanLyBanVeChuyenBay", "QuanLyBanVeChuyenBay\QuanLyBanVeChuyenBay.csproj", "{BD8B2506-8336-46F8-AC6E-58ED98443BD2}"
EndProject
Global
	GlobalSection(SolutionConfigurationPlatforms) = preSolution
		Debug|Any CPU = Debug|Any CPU
		Release|Any CPU = Release|Any CPU
	EndGlobalSection
	GlobalSection(ProjectConfigurationPlatforms) = postSolution
		{BD8B2506-8336-46F8-AC6E-58ED98443BD2}.Debug|Any CPU.ActiveCfg = Debug|Any CPU
		{BD8B2506-8336-46F8-AC6E-58ED98443BD2}.Debug|Any CPU.Build.0 = Debug|Any CPU
		{BD8B2506-8336-46F8-AC6E-58ED98443BD2}.Release|Any CPU.ActiveCfg = Release|Any CPU
		{BD8B2506-8336-46F8-AC6E-58ED98443BD2}.Release|Any CPU.Build.0 = Release|Any CPU
	EndGlobalSection
	GlobalSection(SolutionProperties) = preSolution
		HideSolutionNode = FALSE
	EndGlobalSection
	GlobalSection(ExtensibilityGlobals) = postSolution
		SolutionGuid = {9031E5B0-A1E4-41CD-884C-9E0C2216C5B4}
	EndGlobalSection
EndGlobal
